
Microsoft Visual Studio Solution File, Format Version 12.00
# Visual Studio Version 17
VisualStudioVersion = 17.3.32901.215
MinimumVisualStudioVersion = 10.0.40219.1
Project("{FAE04EC0-301F-11D3-BF4B-00C04F79EFBC}") = "FinalProject", "FinalProject\FinalProject.csproj", "{6584E912-39D8-48C8-A6A0-B711F1DC383E}"
EndProject
Global
	GlobalSection(SolutionConfigurationPlatforms) = preSolution
		Debug|Any CPU = Debug|Any CPU
		Release|Any CPU = Release|Any CPU
	EndGlobalSection
	GlobalSection(ProjectConfigurationPlatforms) = postSolution
		{6584E912-39D8-48C8-A6A0-B711F1DC383E}.Debug|Any CPU.ActiveCfg = Debug|Any CPU
		{6584E912-39D8-48C8-A6A0-B711F1DC383E}.Debug|Any CPU.Build.0 = Debug|Any CPU
		{6584E912-39D8-48C8-A6A0-B711F1DC383E}.Release|Any CPU.ActiveCfg = Release|Any CPU
		{6584E912-39D8-48C8-A6A0-B711F1DC383E}.Release|Any CPU.Build.0 = Release|Any CPU
	EndGlobalSection
	GlobalSection(SolutionProperties) = preSolution
		HideSolutionNode = FALSE
	EndGlobalSection
	GlobalSection(ExtensibilityGlobals) = postSolution
		SolutionGuid = {28D4F0F4-86A9-4479-94A6-76296B4D5B68}
	EndGlobalSection
EndGlobal
